
Microsoft Visual Studio Solution File, Format Version 12.00
# Visual Studio Version 17
VisualStudioVersion = 17.0.31903.59
MinimumVisualStudioVersion = 10.0.40219.1
Project("{FAE04EC0-301F-11D3-BF4B-00C04F79EFBC}") = "LandingFinal.Api", "api\LandingFinal.Api.csproj", "{B6D6D58C-781C-4C0B-8C91-2F0B20BC0152}"
EndProject
Project("{FAE04EC0-301F-11D3-BF4B-00C04F79EFBC}") = "LandingFinal.Api.Tests", "api.Tests\LandingFinal.Api.Tests.csproj", "{75179EAD-1FBC-4DCB-A80F-4D0E1716BA9A}"
EndProject
Global
	GlobalSection(SolutionConfigurationPlatforms) = preSolution
		Debug|Any CPU = Debug|Any CPU
		Release|Any CPU = Release|Any CPU
	EndGlobalSection
	GlobalSection(SolutionProperties) = preSolution
		HideSolutionNode = FALSE
	EndGlobalSection
	GlobalSection(ProjectConfigurationPlatforms) = postSolution
		{B6D6D58C-781C-4C0B-8C91-2F0B20BC0152}.Debug|Any CPU.ActiveCfg = Debug|Any CPU
		{B6D6D58C-781C-4C0B-8C91-2F0B20BC0152}.Debug|Any CPU.Build.0 = Debug|Any CPU
		{B6D6D58C-781C-4C0B-8C91-2F0B20BC0152}.Release|Any CPU.ActiveCfg = Release|Any CPU
		{B6D6D58C-781C-4C0B-8C91-2F0B20BC0152}.Release|Any CPU.Build.0 = Release|Any CPU
		{75179EAD-1FBC-4DCB-A80F-4D0E1716BA9A}.Debug|Any CPU.ActiveCfg = Debug|Any CPU
		{75179EAD-1FBC-4DCB-A80F-4D0E1716BA9A}.Debug|Any CPU.Build.0 = Debug|Any CPU
		{75179EAD-1FBC-4DCB-A80F-4D0E1716BA9A}.Release|Any CPU.ActiveCfg = Release|Any CPU
		{75179EAD-1FBC-4DCB-A80F-4D0E1716BA9A}.Release|Any CPU.Build.0 = Release|Any CPU
	EndGlobalSection
EndGlobal
